
Microsoft Visual Studio Solution File, Format Version 12.00
# Visual Studio Version 17
VisualStudioVersion = 17.10.35013.160
MinimumVisualStudioVersion = 10.0.40219.1
Project("{9A19103F-16F7-4668-BE54-9A1E7A4F7556}") = "TodoApi", "TodoApi.csproj", "{7D9D7CE6-494F-40EE-B302-B7E4778344BF}"
EndProject
Global
	GlobalSection(SolutionConfigurationPlatforms) = preSolution
		Debug|Any CPU = Debug|Any CPU
		Release|Any CPU = Release|Any CPU
	EndGlobalSection
	GlobalSection(ProjectConfigurationPlatforms) = postSolution
		{7D9D7CE6-494F-40EE-B302-B7E4778344BF}.Debug|Any CPU.ActiveCfg = Debug|Any CPU
		{7D9D7CE6-494F-40EE-B302-B7E4778344BF}.Debug|Any CPU.Build.0 = Debug|Any CPU
		{7D9D7CE6-494F-40EE-B302-B7E4778344BF}.Release|Any CPU.ActiveCfg = Release|Any CPU
		{7D9D7CE6-494F-40EE-B302-B7E4778344BF}.Release|Any CPU.Build.0 = Release|Any CPU
	EndGlobalSection
	GlobalSection(SolutionProperties) = preSolution
		HideSolutionNode = FALSE
	EndGlobalSection
	GlobalSection(ExtensibilityGlobals) = postSolution
		SolutionGuid = {75866AC4-E777-4A8E-9D76-834DA99C6D32}
	EndGlobalSection
EndGlobal
